
Microsoft Visual Studio Solution File, Format Version 12.00
# Visual Studio Version 17
VisualStudioVersion = 17.13.35818.85 d17.13
MinimumVisualStudioVersion = 10.0.40219.1
Project("{FAE04EC0-301F-11D3-BF4B-00C04F79EFBC}") = "QLDiem", "QLDiem\QLDiem.csproj", "{5A5A1AA3-FE9F-42CC-94E3-53205ACE4C20}"
EndProject
Global
	GlobalSection(SolutionConfigurationPlatforms) = preSolution
		Debug|Any CPU = Debug|Any CPU
		Release|Any CPU = Release|Any CPU
	EndGlobalSection
	GlobalSection(ProjectConfigurationPlatforms) = postSolution
		{5A5A1AA3-FE9F-42CC-94E3-53205ACE4C20}.Debug|Any CPU.ActiveCfg = Debug|Any CPU
		{5A5A1AA3-FE9F-42CC-94E3-53205ACE4C20}.Debug|Any CPU.Build.0 = Debug|Any CPU
		{5A5A1AA3-FE9F-42CC-94E3-53205ACE4C20}.Release|Any CPU.ActiveCfg = Release|Any CPU
		{5A5A1AA3-FE9F-42CC-94E3-53205ACE4C20}.Release|Any CPU.Build.0 = Release|Any CPU
	EndGlobalSection
	GlobalSection(SolutionProperties) = preSolution
		HideSolutionNode = FALSE
	EndGlobalSection
	GlobalSection(ExtensibilityGlobals) = postSolution
		SolutionGuid = {95777AC5-9683-4317-BDBA-EC8891E3FF71}
	EndGlobalSection
EndGlobal
